
Microsoft Visual Studio Solution File, Format Version 12.00
# Visual Studio Version 17
VisualStudioVersion = 17.14.36414.22
MinimumVisualStudioVersion = 10.0.40219.1
Project("{FAE04EC0-301F-11D3-BF4B-00C04F79EFBC}") = "LearningC#", "LearningC#.csproj", "{EE74ACFB-6772-4228-ADBB-55DF3B1E8E10}"
EndProject
Project("{FAE04EC0-301F-11D3-BF4B-00C04F79EFBC}") = "OOP", "..\OOP\OOP.csproj", "{913EDC4E-62B1-4E94-8898-C46203AB32B7}"
EndProject
Project("{FAE04EC0-301F-11D3-BF4B-00C04F79EFBC}") = "LibraryManagementSystem", "..\LibraryManagementSystem\LibraryManagementSystem.csproj", "{24083BF3-508B-43D3-A3B5-4F001B883C67}"
EndProject
Global
	GlobalSection(SolutionConfigurationPlatforms) = preSolution
		Debug|Any CPU = Debug|Any CPU
		Release|Any CPU = Release|Any CPU
	EndGlobalSection
	GlobalSection(ProjectConfigurationPlatforms) = postSolution
		{EE74ACFB-6772-4228-ADBB-55DF3B1E8E10}.Debug|Any CPU.ActiveCfg = Debug|Any CPU
		{EE74ACFB-6772-4228-ADBB-55DF3B1E8E10}.Debug|Any CPU.Build.0 = Debug|Any CPU
		{EE74ACFB-6772-4228-ADBB-55DF3B1E8E10}.Release|Any CPU.ActiveCfg = Release|Any CPU
		{EE74ACFB-6772-4228-ADBB-55DF3B1E8E10}.Release|Any CPU.Build.0 = Release|Any CPU
		{913EDC4E-62B1-4E94-8898-C46203AB32B7}.Debug|Any CPU.ActiveCfg = Debug|Any CPU
		{913EDC4E-62B1-4E94-8898-C46203AB32B7}.Debug|Any CPU.Build.0 = Debug|Any CPU
		{913EDC4E-62B1-4E94-8898-C46203AB32B7}.Release|Any CPU.ActiveCfg = Release|Any CPU
		{913EDC4E-62B1-4E94-8898-C46203AB32B7}.Release|Any CPU.Build.0 = Release|Any CPU
		{24083BF3-508B-43D3-A3B5-4F001B883C67}.Debug|Any CPU.ActiveCfg = Debug|Any CPU
		{24083BF3-508B-43D3-A3B5-4F001B883C67}.Debug|Any CPU.Build.0 = Debug|Any CPU
		{24083BF3-508B-43D3-A3B5-4F001B883C67}.Release|Any CPU.ActiveCfg = Release|Any CPU
		{24083BF3-508B-43D3-A3B5-4F001B883C67}.Release|Any CPU.Build.0 = Release|Any CPU
	EndGlobalSection
	GlobalSection(SolutionProperties) = preSolution
		HideSolutionNode = FALSE
	EndGlobalSection
	GlobalSection(ExtensibilityGlobals) = postSolution
		SolutionGuid = {2ACC0061-3DC7-4F4D-9781-A2452D7198CD}
	EndGlobalSection
EndGlobal
