
Microsoft Visual Studio Solution File, Format Version 12.00
# Visual Studio Version 17
VisualStudioVersion = 17.14.36616.10 d17.14
MinimumVisualStudioVersion = 10.0.40219.1
Project("{FAE04EC0-301F-11D3-BF4B-00C04F79EFBC}") = "CleanArchitecture", "CleanArchitecture\CleanArchitecture.csproj", "{8B4051F9-4C1C-4FCD-8B98-3CFB524227BE}"
EndProject
Project("{FAE04EC0-301F-11D3-BF4B-00C04F79EFBC}") = "CleanArchitecture.Application", "CleanArchitecture.Application\CleanArchitecture.Application.csproj", "{CA00A2E4-F82D-4CBB-9769-8FF51DDAA157}"
EndProject
Project("{FAE04EC0-301F-11D3-BF4B-00C04F79EFBC}") = "CleanArchitecture.Infrastructure", "CleanArchitecture.Infrastructure\CleanArchitecture.Infrastructure.csproj", "{743058E7-4F6A-46AF-B4D0-31784A548BAF}"
EndProject
Global
	GlobalSection(SolutionConfigurationPlatforms) = preSolution
		Debug|Any CPU = Debug|Any CPU
		Release|Any CPU = Release|Any CPU
	EndGlobalSection
	GlobalSection(ProjectConfigurationPlatforms) = postSolution
		{8B4051F9-4C1C-4FCD-8B98-3CFB524227BE}.Debug|Any CPU.ActiveCfg = Debug|Any CPU
		{8B4051F9-4C1C-4FCD-8B98-3CFB524227BE}.Debug|Any CPU.Build.0 = Debug|Any CPU
		{8B4051F9-4C1C-4FCD-8B98-3CFB524227BE}.Release|Any CPU.ActiveCfg = Release|Any CPU
		{8B4051F9-4C1C-4FCD-8B98-3CFB524227BE}.Release|Any CPU.Build.0 = Release|Any CPU
		{CA00A2E4-F82D-4CBB-9769-8FF51DDAA157}.Debug|Any CPU.ActiveCfg = Debug|Any CPU
		{CA00A2E4-F82D-4CBB-9769-8FF51DDAA157}.Debug|Any CPU.Build.0 = Debug|Any CPU
		{CA00A2E4-F82D-4CBB-9769-8FF51DDAA157}.Release|Any CPU.ActiveCfg = Release|Any CPU
		{CA00A2E4-F82D-4CBB-9769-8FF51DDAA157}.Release|Any CPU.Build.0 = Release|Any CPU
		{743058E7-4F6A-46AF-B4D0-31784A548BAF}.Debug|Any CPU.ActiveCfg = Debug|Any CPU
		{743058E7-4F6A-46AF-B4D0-31784A548BAF}.Debug|Any CPU.Build.0 = Debug|Any CPU
		{743058E7-4F6A-46AF-B4D0-31784A548BAF}.Release|Any CPU.ActiveCfg = Release|Any CPU
		{743058E7-4F6A-46AF-B4D0-31784A548BAF}.Release|Any CPU.Build.0 = Release|Any CPU
	EndGlobalSection
	GlobalSection(SolutionProperties) = preSolution
		HideSolutionNode = FALSE
	EndGlobalSection
	GlobalSection(ExtensibilityGlobals) = postSolution
		SolutionGuid = {8C2344D4-5CD5-4C75-BF9C-27979850FC50}
	EndGlobalSection
EndGlobal
