
Microsoft Visual Studio Solution File, Format Version 12.00
# Visual Studio Version 17
VisualStudioVersion = 17.14.36616.10 d17.14
MinimumVisualStudioVersion = 10.0.40219.1
Project("{FAE04EC0-301F-11D3-BF4B-00C04F79EFBC}") = "PC.API", "PC.API\PC.API.csproj", "{4E1E9FC2-98B4-4051-BB85-17B4B19B8211}"
EndProject
Project("{FAE04EC0-301F-11D3-BF4B-00C04F79EFBC}") = "PC.Application", "PC.Application\PC.Application.csproj", "{567FA6E1-C887-4F2E-B43D-58058FB28A17}"
EndProject
Project("{FAE04EC0-301F-11D3-BF4B-00C04F79EFBC}") = "PC.Domain", "PC.Domain\PC.Domain.csproj", "{4036C4B2-8F2A-4EDC-883D-AF9A3CADE80A}"
EndProject
Project("{FAE04EC0-301F-11D3-BF4B-00C04F79EFBC}") = "PC.Infrastructure", "PC.Infrastructure\PC.Infrastructure.csproj", "{4B4AB6CB-8B34-443C-AA33-5DF80EDE88C5}"
EndProject
Global
	GlobalSection(SolutionConfigurationPlatforms) = preSolution
		Debug|Any CPU = Debug|Any CPU
		Release|Any CPU = Release|Any CPU
	EndGlobalSection
	GlobalSection(ProjectConfigurationPlatforms) = postSolution
		{4E1E9FC2-98B4-4051-BB85-17B4B19B8211}.Debug|Any CPU.ActiveCfg = Debug|Any CPU
		{4E1E9FC2-98B4-4051-BB85-17B4B19B8211}.Debug|Any CPU.Build.0 = Debug|Any CPU
		{4E1E9FC2-98B4-4051-BB85-17B4B19B8211}.Release|Any CPU.ActiveCfg = Release|Any CPU
		{4E1E9FC2-98B4-4051-BB85-17B4B19B8211}.Release|Any CPU.Build.0 = Release|Any CPU
		{567FA6E1-C887-4F2E-B43D-58058FB28A17}.Debug|Any CPU.ActiveCfg = Debug|Any CPU
		{567FA6E1-C887-4F2E-B43D-58058FB28A17}.Debug|Any CPU.Build.0 = Debug|Any CPU
		{567FA6E1-C887-4F2E-B43D-58058FB28A17}.Release|Any CPU.ActiveCfg = Release|Any CPU
		{567FA6E1-C887-4F2E-B43D-58058FB28A17}.Release|Any CPU.Build.0 = Release|Any CPU
		{4036C4B2-8F2A-4EDC-883D-AF9A3CADE80A}.Debug|Any CPU.ActiveCfg = Debug|Any CPU
		{4036C4B2-8F2A-4EDC-883D-AF9A3CADE80A}.Debug|Any CPU.Build.0 = Debug|Any CPU
		{4036C4B2-8F2A-4EDC-883D-AF9A3CADE80A}.Release|Any CPU.ActiveCfg = Release|Any CPU
		{4036C4B2-8F2A-4EDC-883D-AF9A3CADE80A}.Release|Any CPU.Build.0 = Release|Any CPU
		{4B4AB6CB-8B34-443C-AA33-5DF80EDE88C5}.Debug|Any CPU.ActiveCfg = Debug|Any CPU
		{4B4AB6CB-8B34-443C-AA33-5DF80EDE88C5}.Debug|Any CPU.Build.0 = Debug|Any CPU
		{4B4AB6CB-8B34-443C-AA33-5DF80EDE88C5}.Release|Any CPU.ActiveCfg = Release|Any CPU
		{4B4AB6CB-8B34-443C-AA33-5DF80EDE88C5}.Release|Any CPU.Build.0 = Release|Any CPU
	EndGlobalSection
	GlobalSection(SolutionProperties) = preSolution
		HideSolutionNode = FALSE
	EndGlobalSection
	GlobalSection(ExtensibilityGlobals) = postSolution
		SolutionGuid = {989BE957-AF1D-41A8-8CEC-75790284D2C6}
	EndGlobalSection
EndGlobal
